
Microsoft Visual Studio Solution File, Format Version 12.00
# Visual Studio Version 17
VisualStudioVersion = 17.14.36414.22 d17.14
MinimumVisualStudioVersion = 10.0.40219.1
Project("{FAE04EC0-301F-11D3-BF4B-00C04F79EFBC}") = "practica", "practica\practica.csproj", "{9FAA80E1-503B-4EC6-AFB1-C12550358451}"
EndProject
Global
	GlobalSection(SolutionConfigurationPlatforms) = preSolution
		Debug|Any CPU = Debug|Any CPU
		Release|Any CPU = Release|Any CPU
	EndGlobalSection
	GlobalSection(ProjectConfigurationPlatforms) = postSolution
		{9FAA80E1-503B-4EC6-AFB1-C12550358451}.Debug|Any CPU.ActiveCfg = Debug|Any CPU
		{9FAA80E1-503B-4EC6-AFB1-C12550358451}.Debug|Any CPU.Build.0 = Debug|Any CPU
		{9FAA80E1-503B-4EC6-AFB1-C12550358451}.Release|Any CPU.ActiveCfg = Release|Any CPU
		{9FAA80E1-503B-4EC6-AFB1-C12550358451}.Release|Any CPU.Build.0 = Release|Any CPU
	EndGlobalSection
	GlobalSection(SolutionProperties) = preSolution
		HideSolutionNode = FALSE
	EndGlobalSection
	GlobalSection(ExtensibilityGlobals) = postSolution
		SolutionGuid = {AA03012F-748E-4116-9064-51AE141FC380}
	EndGlobalSection
EndGlobal
